{
  "name": "FoodOrder",
  "lockfileVersion": 2,
  "requires": true,
  "packages": {
    "": {
      "dependencies": {
        "modify-values": "^2.1.1"
      }
    },
    "node_modules/modify-values": {
      "version": "2.1.1",
      "resolved": "https://registry.npmjs.org/modify-values/-/modify-values-2.1.1.tgz",
      "integrity": "sha512-BRfRA54UxIjR2sEPhcriXfRI5qm9OQ4A3TYiZr6FPn8ZNyjNlhaub9FKt6KU+c9q88LrWUBZBxpbv6+jjcKp/w==",
      "engines": {
        "node": ">=12"
      },
      "funding": {
        "url": "https://github.com/sponsors/sindresorhus"
      }
    }
  },
  "dependencies": {
    "modify-values": {
      "version": "2.1.1",
      "resolved": "https://registry.npmjs.org/modify-values/-/modify-values-2.1.1.tgz",
      "integrity": "sha512-BRfRA54UxIjR2sEPhcriXfRI5qm9OQ4A3TYiZr6FPn8ZNyjNlhaub9FKt6KU+c9q88LrWUBZBxpbv6+jjcKp/w=="
    }
  }
}
